dependencies:
- name: opentelemetry-collector
  repository: https://open-telemetry.github.io/opentelemetry-helm-charts
  version: 0.31.2
- name: mailhog
  repository: https://codecentric.github.io/helm-charts
  version: 5.2.0
- name: usergroups-api
  repository: file://../usergroups-api/
  version: 0.1.0
- name: users-api
  repository: file://../users-api/
  version: 0.1.0
digest: sha256:ec5a37364e9ed755f2d31efc340b45488e4fafae7cb55c2bf2e4cee5a0a9106c
generated: "2022-09-27T15:34:13.733684+10:00"
